
Microsoft Visual Studio Solution File, Format Version 12.00
# Visual Studio Version 17
VisualStudioVersion = 17.1.32328.378
MinimumVisualStudioVersion = 10.0.40219.1
Project("{9A19103F-16F7-4668-BE54-9A1E7A4F7556}") = "ArmoniK.Samples.PiTracer.Adapter", "Adapter\src\ArmoniK.Samples.PiTracer.Adapter.csproj", "{7BAA2FDB-44D6-4EB3-A316-BC3EB65B6CC7}"
EndProject
Project("{9A19103F-16F7-4668-BE54-9A1E7A4F7556}") = "ArmoniK.Samples.PiTracer.GridWorker", "GridWorker\src\ArmoniK.Samples.PiTracer.GridWorker.csproj", "{10ACF367-EDB7-4334-9E08-698B11BF0D41}"
EndProject
Project("{2150E333-8FDC-42A3-9474-1A3956D46DE8}") = "Client", "Client", "{72A3FF37-D5A3-40BA-9BB0-2C0F6A7E0CA8}"
	ProjectSection(SolutionItems) = preProject
		Client\client.py = Client\client.py
		Client\client_wrapper.py = Client\client_wrapper.py
		Client\objects_pb2.py = Client\objects_pb2.py
		Client\submitter_service_pb2.py = Client\submitter_service_pb2.py
		Client\task_status_pb2.py = Client\task_status_pb2.py
	EndProjectSection
EndProject
Project("{9A19103F-16F7-4668-BE54-9A1E7A4F7556}") = "LocalTests", "LocalTests\LocalTests.csproj", "{A60782E5-5FB7-48CB-A40E-2A6C29070881}"
EndProject
Project("{2150E333-8FDC-42A3-9474-1A3956D46DE8}") = "CppWorker", "CppWorker", "{0BAB88A0-AF89-42C3-8C47-A19806C9480E}"
	ProjectSection(SolutionItems) = preProject
		CppWorker\CMakeLists.txt = CppWorker\CMakeLists.txt
		CppWorker\CppWorker.cpp = CppWorker\CppWorker.cpp
		CppWorker\CppWorker.h = CppWorker\CppWorker.h
	EndProjectSection
EndProject
Project("{2150E333-8FDC-42A3-9474-1A3956D46DE8}") = "CSWorker", "CSWorker", "{EC974D0F-E554-4297-B05B-1974FCC0EE56}"
EndProject
Project("{9A19103F-16F7-4668-BE54-9A1E7A4F7556}") = "PiTracerWorker", "PiTracerWorker\PiTracerWorker.csproj", "{9C044F50-8D19-4D52-B5DF-337CE0720561}"
EndProject
Project("{9A19103F-16F7-4668-BE54-9A1E7A4F7556}") = "PiTracerLib", "PiTracerLib\PiTracerLib\PiTracerLib.csproj", "{0CC830D1-2028-42ED-B454-56DB08CEF06D}"
EndProject
Project("{FAE04EC0-301F-11D3-BF4B-00C04F79EFBC}") = "PiTracerStandalone", "PiTracerStandalone\PiTracerStandalone.csproj", "{BD51B3E3-F49B-43CA-ABFA-02074010A1F0}"
EndProject
Global
	GlobalSection(SolutionConfigurationPlatforms) = preSolution
		Debug|Any CPU = Debug|Any CPU
		Release|Any CPU = Release|Any CPU
	EndGlobalSection
	GlobalSection(ProjectConfigurationPlatforms) = postSolution
		{7BAA2FDB-44D6-4EB3-A316-BC3EB65B6CC7}.Debug|Any CPU.ActiveCfg = Debug|Any CPU
		{7BAA2FDB-44D6-4EB3-A316-BC3EB65B6CC7}.Debug|Any CPU.Build.0 = Debug|Any CPU
		{7BAA2FDB-44D6-4EB3-A316-BC3EB65B6CC7}.Release|Any CPU.ActiveCfg = Release|Any CPU
		{7BAA2FDB-44D6-4EB3-A316-BC3EB65B6CC7}.Release|Any CPU.Build.0 = Release|Any CPU
		{10ACF367-EDB7-4334-9E08-698B11BF0D41}.Debug|Any CPU.ActiveCfg = Debug|Any CPU
		{10ACF367-EDB7-4334-9E08-698B11BF0D41}.Debug|Any CPU.Build.0 = Debug|Any CPU
		{10ACF367-EDB7-4334-9E08-698B11BF0D41}.Release|Any CPU.ActiveCfg = Release|Any CPU
		{10ACF367-EDB7-4334-9E08-698B11BF0D41}.Release|Any CPU.Build.0 = Release|Any CPU
		{A60782E5-5FB7-48CB-A40E-2A6C29070881}.Debug|Any CPU.ActiveCfg = Debug|Any CPU
		{A60782E5-5FB7-48CB-A40E-2A6C29070881}.Debug|Any CPU.Build.0 = Debug|Any CPU
		{A60782E5-5FB7-48CB-A40E-2A6C29070881}.Release|Any CPU.ActiveCfg = Release|Any CPU
		{A60782E5-5FB7-48CB-A40E-2A6C29070881}.Release|Any CPU.Build.0 = Release|Any CPU
		{9C044F50-8D19-4D52-B5DF-337CE0720561}.Debug|Any CPU.ActiveCfg = Debug|Any CPU
		{9C044F50-8D19-4D52-B5DF-337CE0720561}.Debug|Any CPU.Build.0 = Debug|Any CPU
		{9C044F50-8D19-4D52-B5DF-337CE0720561}.Release|Any CPU.ActiveCfg = Release|Any CPU
		{9C044F50-8D19-4D52-B5DF-337CE0720561}.Release|Any CPU.Build.0 = Release|Any CPU
		{0CC830D1-2028-42ED-B454-56DB08CEF06D}.Debug|Any CPU.ActiveCfg = Debug|Any CPU
		{0CC830D1-2028-42ED-B454-56DB08CEF06D}.Debug|Any CPU.Build.0 = Debug|Any CPU
		{0CC830D1-2028-42ED-B454-56DB08CEF06D}.Release|Any CPU.ActiveCfg = Release|Any CPU
		{0CC830D1-2028-42ED-B454-56DB08CEF06D}.Release|Any CPU.Build.0 = Release|Any CPU
		{BD51B3E3-F49B-43CA-ABFA-02074010A1F0}.Debug|Any CPU.ActiveCfg = Debug|Any CPU
		{BD51B3E3-F49B-43CA-ABFA-02074010A1F0}.Debug|Any CPU.Build.0 = Debug|Any CPU
		{BD51B3E3-F49B-43CA-ABFA-02074010A1F0}.Release|Any CPU.ActiveCfg = Release|Any CPU
		{BD51B3E3-F49B-43CA-ABFA-02074010A1F0}.Release|Any CPU.Build.0 = Release|Any CPU
	EndGlobalSection
	GlobalSection(SolutionProperties) = preSolution
		HideSolutionNode = FALSE
	EndGlobalSection
	GlobalSection(NestedProjects) = preSolution
		{9C044F50-8D19-4D52-B5DF-337CE0720561} = {EC974D0F-E554-4297-B05B-1974FCC0EE56}
		{0CC830D1-2028-42ED-B454-56DB08CEF06D} = {EC974D0F-E554-4297-B05B-1974FCC0EE56}
		{BD51B3E3-F49B-43CA-ABFA-02074010A1F0} = {EC974D0F-E554-4297-B05B-1974FCC0EE56}
	EndGlobalSection
	GlobalSection(ExtensibilityGlobals) = postSolution
		SolutionGuid = {1CE1BE83-F9CD-4B3D-801A-67CA15A0E360}
	EndGlobalSection
EndGlobal
